{
  "name": "rep_sys",
  "version": "1.0.0",
  "lockfileVersion": 1,
  "requires": true,
  "dependencies": {
    "@dcloudio/uni-ui": {
      "version": "1.0.8",
      "resolved": "https://registry.npm.taobao.org/@dcloudio/uni-ui/download/@dcloudio/uni-ui-1.0.8.tgz",
      "integrity": "sha1-tM2ERwDzrqSxLvtvSLcG930n2H0="
    },
    "mpvue-picker": {
      "version": "2.1.6",
      "resolved": "https://registry.npm.taobao.org/mpvue-picker/download/mpvue-picker-2.1.6.tgz",
      "integrity": "sha1-5OQjv2bgY+OrFwdglGAehH9nB5g="
    }
  }
}
